
Microsoft Visual Studio Solution File, Format Version 12.00
# Visual Studio 15
VisualStudioVersion = 15.0.26228.4
MinimumVisualStudioVersion = 10.0.40219.1
Project("{FAE04EC0-301F-11D3-BF4B-00C04F79EFBC}") = "UpLoadFile_WF", "UpLoadFile_WF\UpLoadFile_WF.csproj", "{8099BB64-B707-4B0D-982C-0FFA313AA010}"
EndProject
Project("{FAE04EC0-301F-11D3-BF4B-00C04F79EFBC}") = "MaterialSkin", "MaterialSkin\MaterialSkin.csproj", "{8EB7611B-68CD-4B8B-987A-11717E2B250C}"
EndProject
Global
	GlobalSection(SolutionConfigurationPlatforms) = preSolution
		Debug|Any CPU = Debug|Any CPU
		Release|Any CPU = Release|Any CPU
	EndGlobalSection
	GlobalSection(ProjectConfigurationPlatforms) = postSolution
		{8099BB64-B707-4B0D-982C-0FFA313AA010}.Debug|Any CPU.ActiveCfg = Debug|Any CPU
		{8099BB64-B707-4B0D-982C-0FFA313AA010}.Debug|Any CPU.Build.0 = Debug|Any CPU
		{8099BB64-B707-4B0D-982C-0FFA313AA010}.Release|Any CPU.ActiveCfg = Release|Any CPU
		{8099BB64-B707-4B0D-982C-0FFA313AA010}.Release|Any CPU.Build.0 = Release|Any CPU
		{8EB7611B-68CD-4B8B-987A-11717E2B250C}.Debug|Any CPU.ActiveCfg = Debug|Any CPU
		{8EB7611B-68CD-4B8B-987A-11717E2B250C}.Debug|Any CPU.Build.0 = Debug|Any CPU
		{8EB7611B-68CD-4B8B-987A-11717E2B250C}.Release|Any CPU.ActiveCfg = Release|Any CPU
		{8EB7611B-68CD-4B8B-987A-11717E2B250C}.Release|Any CPU.Build.0 = Release|Any CPU
	EndGlobalSection
	GlobalSection(SolutionProperties) = preSolution
		HideSolutionNode = FALSE
	EndGlobalSection
EndGlobal
