
Microsoft Visual Studio Solution File, Format Version 12.00
# Visual Studio 14
VisualStudioVersion = 14.0.25123.0
MinimumVisualStudioVersion = 10.0.40219.1
Project("{FAE04EC0-301F-11D3-BF4B-00C04F79EFBC}") = "UpLoadServicesRestWebApi", "UpLoadServicesRestWebApi\UpLoadServicesRestWebApi.csproj", "{8D4BB5B4-9A08-4F8F-8776-1A8F454BF75F}"
EndProject
Project("{FAE04EC0-301F-11D3-BF4B-00C04F79EFBC}") = "UpLoadServicesRestWebApiModel", "UpLoadServicesRestWebApiModel\UpLoadServicesRestWebApiModel.csproj", "{45CC223E-70BD-4A84-B952-BB5060FE1E21}"
EndProject
Project("{FAE04EC0-301F-11D3-BF4B-00C04F79EFBC}") = "ProcesaDocumentos", "ProcesaDocumentos\ProcesaDocumentos.csproj", "{A6084F4E-D240-48B7-9659-18AE6CE5CC93}"
EndProject
Global
	GlobalSection(SolutionConfigurationPlatforms) = preSolution
		Debug|Any CPU = Debug|Any CPU
		Release|Any CPU = Release|Any CPU
	EndGlobalSection
	GlobalSection(ProjectConfigurationPlatforms) = postSolution
		{8D4BB5B4-9A08-4F8F-8776-1A8F454BF75F}.Debug|Any CPU.ActiveCfg = Debug|Any CPU
		{8D4BB5B4-9A08-4F8F-8776-1A8F454BF75F}.Debug|Any CPU.Build.0 = Debug|Any CPU
		{8D4BB5B4-9A08-4F8F-8776-1A8F454BF75F}.Release|Any CPU.ActiveCfg = Release|Any CPU
		{8D4BB5B4-9A08-4F8F-8776-1A8F454BF75F}.Release|Any CPU.Build.0 = Release|Any CPU
		{45CC223E-70BD-4A84-B952-BB5060FE1E21}.Debug|Any CPU.ActiveCfg = Debug|Any CPU
		{45CC223E-70BD-4A84-B952-BB5060FE1E21}.Debug|Any CPU.Build.0 = Debug|Any CPU
		{45CC223E-70BD-4A84-B952-BB5060FE1E21}.Release|Any CPU.ActiveCfg = Release|Any CPU
		{45CC223E-70BD-4A84-B952-BB5060FE1E21}.Release|Any CPU.Build.0 = Release|Any CPU
		{A6084F4E-D240-48B7-9659-18AE6CE5CC93}.Debug|Any CPU.ActiveCfg = Debug|Any CPU
		{A6084F4E-D240-48B7-9659-18AE6CE5CC93}.Debug|Any CPU.Build.0 = Debug|Any CPU
		{A6084F4E-D240-48B7-9659-18AE6CE5CC93}.Release|Any CPU.ActiveCfg = Release|Any CPU
		{A6084F4E-D240-48B7-9659-18AE6CE5CC93}.Release|Any CPU.Build.0 = Release|Any CPU
	EndGlobalSection
	GlobalSection(SolutionProperties) = preSolution
		HideSolutionNode = FALSE
	EndGlobalSection
EndGlobal
